{
  "name": "bike-app",
  "version": "0.0.2",
  "lockfileVersion": 1,
  "requires": true,
  "dependencies": {
    "@uirouter/core": {
      "version": "5.0.20",
      "resolved": "https://hibob.jfrog.io/hibob/api/npm/bob-js-virtual/@uirouter/core/-/core-5.0.20.tgz",
      "integrity": "sha1-nCfY0U1QNYBAhA/QDp04w2vhrcU="
    },
    "@uirouter/visualizer": {
      "version": "6.0.2",
      "resolved": "https://hibob.jfrog.io/hibob/api/npm/bob-js-virtual/@uirouter/visualizer/-/visualizer-6.0.2.tgz",
      "integrity": "sha1-iIE7pTTR8zZ02QwqVieojwbI8Mc=",
      "requires": {
        "d3-hierarchy": "^1.1.6",
        "d3-interpolate": "^1.2.0",
        "file-loader": "^1.1.11",
        "preact": "^8.2.9"
      }
    },
    "ajv": {
      "version": "6.11.0",
      "resolved": "https://hibob.jfrog.io/hibob/api/npm/bob-js-virtual/ajv/-/ajv-6.11.0.tgz",
      "integrity": "sha1-w2B8vIrjktilpTbyWyH45fP4f+k=",
      "requires": {
        "fast-deep-equal": "^3.1.1",
        "fast-json-stable-stringify": "^2.0.0",
        "json-schema-traverse": "^0.4.1",
        "uri-js": "^4.2.2"
      }
    },
    "ajv-keywords": {
      "version": "3.4.1",
      "resolved": "https://hibob.jfrog.io/hibob/api/npm/bob-js-virtual/ajv-keywords/-/ajv-keywords-3.4.1.tgz",
      "integrity": "sha1-75FuJxxkrBIXH9g4TqrmsjRYVNo="
    },
    "big.js": {
      "version": "5.2.2",
      "resolved": "https://hibob.jfrog.io/hibob/api/npm/bob-js-virtual/big.js/-/big.js-5.2.2.tgz",
      "integrity": "sha1-ZfCvOC9Xi83HQr2cKB6cstd2gyg="
    },
    "d3-color": {
      "version": "1.4.0",
      "resolved": "https://hibob.jfrog.io/hibob/api/npm/bob-js-virtual/d3-color/-/d3-color-1.4.0.tgz",
      "integrity": "sha1-icRamV7Xc7EzFPBkYN8m1gug7K8="
    },
    "d3-hierarchy": {
      "version": "1.1.9",
      "resolved": "https://hibob.jfrog.io/hibob/api/npm/bob-js-virtual/d3-hierarchy/-/d3-hierarchy-1.1.9.tgz",
      "integrity": "sha1-L2vuJMqupD+Nw3VF+gFihVlkeoM="
    },
    "d3-interpolate": {
      "version": "1.4.0",
      "resolved": "https://hibob.jfrog.io/hibob/api/npm/bob-js-virtual/d3-interpolate/-/d3-interpolate-1.4.0.tgz",
      "integrity": "sha1-Um554tgNqjg/ngwcHH3MDwWD6Yc=",
      "requires": {
        "d3-color": "1"
      }
    },
    "fast-deep-equal": {
      "version": "3.1.1",
      "resolved": "https://hibob.jfrog.io/hibob/api/npm/bob-js-virtual/fast-deep-equal/-/fast-deep-equal-3.1.1.tgz",
      "integrity": "sha1-VFFFB3xQFJHjOxXsQIwpQ3bpSuQ="
    },
    "fast-json-stable-stringify": {
      "version": "2.1.0",
      "resolved": "https://hibob.jfrog.io/hibob/api/npm/bob-js-virtual/fast-json-stable-stringify/-/fast-json-stable-stringify-2.1.0.tgz",
      "integrity": "sha1-h0v2nG9ATCtdmcSBNBOZ/VWJJjM="
    },
    "file-loader": {
      "version": "1.1.11",
      "resolved": "https://hibob.jfrog.io/hibob/api/npm/bob-js-virtual/file-loader/-/file-loader-1.1.11.tgz",
      "integrity": "sha1-b+iGRJsPKpNuQ8q6rAzb+zaVBvg=",
      "requires": {
        "loader-utils": "^1.0.2",
        "schema-utils": "^0.4.5"
      }
    },
    "json-schema-traverse": {
      "version": "0.4.1",
      "resolved": "https://hibob.jfrog.io/hibob/api/npm/bob-js-virtual/json-schema-traverse/-/json-schema-traverse-0.4.1.tgz",
      "integrity": "sha1-afaofZUTq4u4/mO9sJecRI5oRmA="
    },
    "json5": {
      "version": "1.0.1",
      "resolved": "https://hibob.jfrog.io/hibob/api/npm/bob-js-virtual/json5/-/json5-1.0.1.tgz",
      "integrity": "sha1-d5+wAYYE+oVOrL9iUhgNg1Q+Pb4=",
      "requires": {
        "minimist": "^1.2.0"
      }
    },
    "loader-utils": {
      "version": "1.4.2",
      "resolved": "https://registry.npmjs.org/loader-utils/-/loader-utils-1.4.2.tgz",
      "integrity": "sha512-I5d00Pd/jwMD2QCduo657+YM/6L3KZu++pmX9VFncxaxvHcru9jx1lBaFft+r4Mt2jK0Yhp41XlRAihzPxHNCg==",
      "requires": {
        "big.js": "^5.2.2",
        "emojis-list": "^3.0.0",
        "json5": "^1.0.1"
      },
      "dependencies": {
        "emojis-list": {
          "version": "3.0.0",
          "resolved": "https://registry.npmjs.org/emojis-list/-/emojis-list-3.0.0.tgz",
          "integrity": "sha512-/kyM18EfinwXZbno9FyUGeFh87KC8HRQBQGildHZbEuRyWFOmv1U10o9BBp8XVZDVNNuQKyIGIu5ZYAAXJ0V2Q=="
        }
      }
    },
    "minimist": {
      "version": "1.2.0",
      "resolved": "https://hibob.jfrog.io/hibob/api/npm/bob-js-virtual/minimist/-/minimist-1.2.0.tgz",
      "integrity": "sha1-o1AIsg9BOD7sH7kU9M1d95omQoQ="
    },
    "preact": {
      "version": "8.5.3",
      "resolved": "https://hibob.jfrog.io/hibob/api/npm/bob-js-virtual/preact/-/preact-8.5.3.tgz",
      "integrity": "sha1-eMKlVi/Oyx/tHQBV+krB4nveF8E="
    },
    "punycode": {
      "version": "2.1.1",
      "resolved": "https://hibob.jfrog.io/hibob/api/npm/bob-js-virtual/punycode/-/punycode-2.1.1.tgz",
      "integrity": "sha1-tYsBCsQMIsVldhbI0sLALHv0eew="
    },
    "schema-utils": {
      "version": "0.4.7",
      "resolved": "https://hibob.jfrog.io/hibob/api/npm/bob-js-virtual/schema-utils/-/schema-utils-0.4.7.tgz",
      "integrity": "sha1-unT1l9K+LqiAExdG7hfQoJPGgYc=",
      "requires": {
        "ajv": "^6.1.0",
        "ajv-keywords": "^3.1.0"
      }
    },
    "uri-js": {
      "version": "4.2.2",
      "resolved": "https://hibob.jfrog.io/hibob/api/npm/bob-js-virtual/uri-js/-/uri-js-4.2.2.tgz",
      "integrity": "sha1-lMVA4f93KVbiKZUHwBCupsiDjrA=",
      "requires": {
        "punycode": "^2.1.0"
      }
    }
  }
}
